Microsoft Visual Studio Solution File, Format Version 12.00
# Visual Studio 2012
Project("{FAE04EC0-301F-11D3-BF4B-00C04F79EFBC}") = "UmaOdisseiaBrasileira", "UmaOdisseiaBrasileira.csproj", "{3D96408C-FB76-4717-B407-6CF1E3D722FC}"
EndProject
Global
	GlobalSection(SolutionConfigurationPlatforms) = preSolution
	Debug|Any CPU = Debug|Any CPU
	ExportDebug|Any CPU = ExportDebug|Any CPU
	ExportRelease|Any CPU = ExportRelease|Any CPU
	EndGlobalSection
	GlobalSection(ProjectConfigurationPlatforms) = postSolution
		{3D96408C-FB76-4717-B407-6CF1E3D722FC}.Debug|Any CPU.ActiveCfg = Debug|Any CPU
		{3D96408C-FB76-4717-B407-6CF1E3D722FC}.Debug|Any CPU.Build.0 = Debug|Any CPU
		{3D96408C-FB76-4717-B407-6CF1E3D722FC}.ExportDebug|Any CPU.ActiveCfg = ExportDebug|Any CPU
		{3D96408C-FB76-4717-B407-6CF1E3D722FC}.ExportDebug|Any CPU.Build.0 = ExportDebug|Any CPU
		{3D96408C-FB76-4717-B407-6CF1E3D722FC}.ExportRelease|Any CPU.ActiveCfg = ExportRelease|Any CPU
		{3D96408C-FB76-4717-B407-6CF1E3D722FC}.ExportRelease|Any CPU.Build.0 = ExportRelease|Any CPU
	EndGlobalSection
EndGlobal
